{
  "version": 4,
  "terraform_version": "1.15.8",
  "serial": 9,
  "lineage": "7fdaed66-a0ff-4b3d-9377-bd1910d348d2",
  "outputs": {},
  "resources": [
    {
      "mode": "managed",
      "type": "helm_release",
      "name": "argocd",
      "provider": "provider[\"registry.terraform.io/hashicorp/helm\"]",
      "instances": [
        {
          "schema_version": 2,
          "attributes": {
            "atomic": false,
            "chart": "argo-cd",
            "cleanup_on_fail": false,
            "create_namespace": true,
            "dependency_update": false,
            "description": null,
            "devel": null,
            "disable_crd_hooks": false,
            "disable_openapi_validation": false,
            "disable_webhooks": false,
            "force_update": false,
            "id": "argocd",
            "keyring": null,
            "lint": false,
            "manifest": null,
            "max_history": 0,
            "metadata": {
              "app_version": "v3.4.5",
              "chart": "argo-cd",
              "first_deployed": 1785326084,
              "last_deployed": 1785326084,
              "name": "argocd",
              "namespace": "argocd",
              "notes": "\nIn order to access the server UI you have the following options:\n\n1. kubectl port-forward service/argocd-server -n argocd 8080:443\n\n    and then open the browser on http://localhost:8080 and accept the certificate\n\n2. enable ingress in the values file `server.ingress.enabled` and either\n      - Add the annotation for ssl passthrough: https://argo-cd.readthedocs.io/en/stable/operator-manual/ingress/#option-1-ssl-passthrough\n      - Set the `configs.params.\"server.insecure\"` in the values file and terminate SSL at your ingress: https://argo-cd.readthedocs.io/en/stable/operator-manual/ingress/#option-2-multiple-ingress-objects-and-hosts\n\n\nAfter reaching the UI the first time you can login with username: admin and the random password generated during the installation. You can find the password by running:\n\nkubectl -n argocd get secret argocd-initial-admin-secret -o jsonpath=\"{.data.password}\" | base64 -d\n\n(You should delete the initial secret afterwards as suggested by the Getting Started Guide: https://argo-cd.readthedocs.io/en/stable/getting_started/#4-login-using-the-cli)\n",
              "revision": 1,
              "values": "{\"server\":{\"service\":{\"type\":\"ClusterIP\"}}}",
              "version": "10.2.1"
            },
            "name": "argocd",
            "namespace": "argocd",
            "pass_credentials": false,
            "postrender": null,
            "recreate_pods": false,
            "render_subchart_notes": true,
            "replace": false,
            "repository": "oci://ghcr.io/argoproj/argo-helm",
            "repository_ca_file": null,
            "repository_cert_file": null,
            "repository_key_file": null,
            "repository_password": null,
            "repository_username": null,
            "reset_values": false,
            "resources": null,
            "reuse_values": false,
            "set": null,
            "set_list": null,
            "set_sensitive": null,
            "set_wo": null,
            "set_wo_revision": null,
            "skip_crds": false,
            "status": "deployed",
            "take_ownership": false,
            "timeout": 300,
            "timeouts": null,
            "upgrade_install": false,
            "values": [
              "    server:\n      service:\n        type: ClusterIP\n"
            ],
            "verify": false,
            "version": "10.2.1",
            "wait": true,
            "wait_for_jobs": false
          },
          "sensitive_attributes": [
            [
              {
                "type": "get_attr",
                "value": "repository_password"
              }
            ]
          ],
          "identity_schema_version": 0,
          "identity": {
            "namespace": "argocd",
            "release_name": "argocd"
          },
          "dependencies": [
            "minikube_cluster.minikube_docker"
          ]
        }
      ]
    },
    {
      "mode": "managed",
      "type": "minikube_cluster",
      "name": "minikube_docker",
      "provider": "provider[\"registry.terraform.io/scott-the-programmer/minikube\"]",
      "instances": [
        {
          "schema_version": 0,
          "attributes": {
            "addons": [
              "default-storageclass",
              "storage-provisioner"
            ],
            "apiserver_ips": [],
            "apiserver_name": "minikubeCA",
            "apiserver_names": [],
            "apiserver_port": 8443,
            "auto_pause_interval": 1,
            "auto_update_drivers": true,
            "base_image": "gcr.io/k8s-minikube/kicbase:v0.0.48@sha256:7171c97a51623558720f8e5878e4f4637da093e2f2ed589997bedc6c1549b2b1",
            "binary_mirror": null,
            "cache_images": true,
            "cert_expiration": 1576800,
            "client_certificate": "-----BEGIN CERTIFICATE-----\nMIIDITCCAgmgAwIBAgIBAjANBgkqhkiG9w0BAQsFADAVMRMwEQYDVQQDEwptaW5p\na3ViZUNBMB4XDTI2MDcyODExNDY0N1oXDTI5MDcyODExNDY0N1owMTEXMBUGA1UE\nChMOc3lzdGVtOm1hc3RlcnMxFjAUBgNVBAMTDW1pbmlrdWJlLXVzZXIwggEiMA0G\nCSqGSIb3DQEBAQUAA4IBDwAwggEKAoIBAQDm8mGuH0iTCRPZMadmMbbYqSGD/7Yj\na3nglKw+00Mng/3eRk8NUkoyS1c9iMFmVhGgZt6FDTtjp7N39EhJwEG7c0FlNfwY\nAXMr7KMU8w9NAl86cukNhHp6kKoyVlTT1f4IkqxUzEXjsR9J8uaabmmfQbTf3kjD\nakgOYL34deVOesURr+msfr7M4khDDOd0ygt0mBcON4HWBT1R+jLhY5ruvTIOCWkR\ndBH3JPx5mtc5e9ZPCucbiCPjnw96jzXLBdgDxqtlhmtUEThn0xo15MzFzQ6E+GC2\nnxOE8sK1IlgW6BXZb2RPUuZ0mYhPeUb2pru0L0YvBmrR69uPHYryMlGnAgMBAAGj\nYDBeMA4GA1UdDwEB/wQEAwIFoDAdBgNVHSUEFjAUBggrBgEFBQcDAQYIKwYBBQUH\nAwIwDAYDVR0TAQH/BAIwADAfBgNVHSMEGDAWgBRPYioJIm5IK6O7zLra0fo56x4h\nrTANBgkqhkiG9w0BAQsFAAOCAQEAvK+5kEO4D4aU6bpbAogwgjXJccL0ZupVkdmF\nwKMmbTk0CRsxsbxtaVYUT+425cU2TlsISCWwe/D6nPU8jYFR1aLVu6baTcWMuXjN\nOERnIwaf/Y6geB1qPVCYhRYz2Oipvtb55fTPS4niBETSz+9n6HidiHLihfpbbYg3\nglTqeXdTpe6D3m9N4m6I4787C5cP9S+bl55RanWgAIpzjyDYzWzs0q0D75hZVggJ\nj1pHAgYTdvNabFqEdDkJ1TSOKJ9L9kh5AFmSzNm+0HzZq6F3A9cEItx6vbTYeWrM\nxPVgVCUBpkwDxEd86n2lEEgs15ukij46ZFBq8SNBLX0OUrbKBA==\n-----END CERTIFICATE-----\n",
            "client_key": "-----BEGIN RSA PRIVATE KEY-----\nMIIEowIBAAKCAQEA5vJhrh9IkwkT2TGnZjG22Kkhg/+2I2t54JSsPtNDJ4P93kZP\nDVJKMktXPYjBZlYRoGbehQ07Y6ezd/RIScBBu3NBZTX8GAFzK+yjFPMPTQJfOnLp\nDYR6epCqMlZU09X+CJKsVMxF47EfSfLmmm5pn0G0395Iw2pIDmC9+HXlTnrFEa/p\nrH6+zOJIQwzndMoLdJgXDjeB1gU9Ufoy4WOa7r0yDglpEXQR9yT8eZrXOXvWTwrn\nG4gj458Peo81ywXYA8arZYZrVBE4Z9MaNeTMxc0OhPhgtp8ThPLCtSJYFugV2W9k\nT1LmdJmIT3lG9qa7tC9GLwZq0evbjx2K8jJRpwIDAQABAoIBACKZCR0mvp6Ya4rM\nL4HVzMikfcrikgy4WyfT3gIDcDoJQgz8h3c9brQeKVGknSSRnE5lWsyf8Ne7Fd3Q\nkMvLq41DdPaOodeO0AwyhTPsPcyRoGaHNHa79AVMitLDsC2UD1yFbJ+/gnDb5g4T\n/4v/In+jPk+TY18zGtxcjdkdAF9DKExP8SQDI917X8LkdYUCbxoz6GfG2d6qCqsJ\nX3gwZ7VSFfWtrXQKQ67TAcptwXGA22ljMUKggHpanmahgDmtNIaVuZwUKvd75Jx8\nO3OIyBR1UwoBorG8KchlGNRGnhCAvj9jeTVCS2LFgKuI1VK4bJMtTvbqa1Y82RAC\nh+E6fZECgYEA8xbV+GnqDqx92i0dqUA3CCa7adAbKz6tMn5uablGomIkhZj4X3IR\nMj9rV44rSB6mui8nHfrNwg7Iex1lFDg4P9u0SBunfsvxc5KsU2cctClTWaomRNlq\n6CjjeXwRY1jVCwaxJ7uI0N8nzR0AWHU+Xg430iKly15BfHs6ihZKYgUCgYEA8zZz\nloWVyUxftEV9IUbGiIdN0w8XcgjFQouu+SUyMsE4X33I8CEJSfgcgL4uov4x2/mL\nYEK8SGmXTZCjaFx6g/r00HEXvT3XYigZRYlCwssqFn7P5nrUBNvoCbi936UgRMHn\n/hVkldfBOJa3R5Z7hd2c3dph64Uuy9afQ7hvWLsCgYBLDEzI4aISH6zHE9CpdRrI\nWHTZyRbqNfJwuVnLKBknftc5q61agjPO6IdyQ4EXRedBaddQySKG+9tnLv8KzASJ\nqoGxFWCTo9EKVkj/gsD42h1SfFZOQTVhMWZxFh2kJ0O2oL1Gv/4QRiTajU6TALdd\ngFQ5etrmu1XKYZ0EDreuJQKBgDuk9uPLDti26iGDiRRIDxgcVnGUGePVUsrnBpoD\nDTR1PiXs6wI4l9aUCiloendubzvLDuskcpgvjPNwrSJCy6jiOneDxJacO93Oh6QN\n7VloCYJKxyF2rdgjNdxseeQG0ssJ4qLlDC3TI4eFLp1XwiMqHfYqQClKGBfVImmx\nKV1RAoGBAMlu5XFOFX7Bqr6Z7iJ8whMXJicQ9EuXJnbGqNgvqZiba16fH2VdfSdX\nL6YnpzWcesBGXq9tXgTKfMBuFB/FveCrtRtIPZQqld6MAoNrOdjNgTRU7n0e6jBN\nd7rBf1+lOHFtLqsq6zzRWvvIMMD8f3cQg+vvgvgbmp3D0p2tEaac\n-----END RSA PRIVATE KEY-----\n",
            "cluster_ca_certificate": "-----BEGIN CERTIFICATE-----\nMIIDBjCCAe6gAwIBAgIBATANBgkqhkiG9w0BAQsFADAVMRMwEQYDVQQDEwptaW5p\na3ViZUNBMB4XDTI2MDcyNDAyMDQwN1oXDTM2MDcyMjAyMDQwN1owFTETMBEGA1UE\nAxMKbWluaWt1YmVDQTCCASIwDQYJKoZIhvcNAQEBBQADggEPADCCAQoCggEBANQV\nBBEluvPOQdq1rulaljtrTFVQp4zmk/QGSPH5bhtQusH1hbb4rfHek9WWAKPk9roO\n8pTqI7W8pDDzubLukEfGRqNk6PygFVBnlFLsdubt/4TqiCcRK4ZJdmpO39gq+HlY\nSBAzXXzgxgv4xHzeqY626f6zJBePpV1wjcOW3xTPIAXQ8O75zQRCUN4OirqVFqek\nMGd70QNHfTC2/hk/mQWyARPilXY9k/mLurL56YcY20p0P10ygS1FQqmF3hoCKTNB\nVZ1eLphDVKGLXevDeIWtf+HjhbKbKbPXDmBih24sQQE4AdApuzJL2XjyD5WKo1Ow\nvZkkBsidA3yupNbysEECAwEAAaNhMF8wDgYDVR0PAQH/BAQDAgKkMB0GA1UdJQQW\nMBQGCCsGAQUFBwMCBggrBgEFBQcDATAPBgNVHRMBAf8EBTADAQH/MB0GA1UdDgQW\nBBRPYioJIm5IK6O7zLra0fo56x4hrTANBgkqhkiG9w0BAQsFAAOCAQEAPFsx63qi\nuBPNkAvUztAsCaJk93RrgsOfbZSIMCKuCfJi1+dPHyvcpeDMw9qH/mqWWQFhhUeL\nzyEemrHI9JJxjGN30KVFUZ9+VdL255Ca0/SpnKEX1QDJyQz/rCJ7OAxJS/EivrS+\njuT0lfNwsuCuJy3qxkQYu7nfgMTa5TDSpnlCPGxeNwZ99cOai/k0gjI6J+LLI2J5\nDee2zdJfZEAgvqiqKi4J0yqdPYR30TP277g4huNutfAxeAtfCUgoL8+EUEFVVAWr\n2oJ3SZ6ooiLVDHOBmamVcdYDXn58Yk8hpAgSZ54SugQGH6UORoMUv/EnigbPOoBg\nEqPiGjTZ58iESg==\n-----END CERTIFICATE-----\n",
            "cluster_name": "complete-devops-project",
            "cni": "",
            "container_runtime": "docker",
            "cpus": "2",
            "cri_socket": "",
            "delete_on_failure": false,
            "disable_coredns_log": false,
            "disable_driver_mounts": false,
            "disable_metrics": false,
            "disable_optimizations": false,
            "disk_size": "20000mb",
            "dns_domain": "cluster.local",
            "dns_proxy": false,
            "docker_env": null,
            "docker_opt": null,
            "download_only": false,
            "driver": "docker",
            "dry_run": false,
            "embed_certs": false,
            "extra_config": [],
            "extra_disks": 0,
            "feature_gates": "",
            "force": false,
            "force_systemd": false,
            "gpus": null,
            "ha": false,
            "host": "https://127.0.0.1:58154",
            "host_dns_resolver": true,
            "host_only_cidr": "192.168.59.1/24",
            "host_only_nic_type": "virtio",
            "hyperkit_vpnkit_sock": "",
            "hyperkit_vsock_ports": [],
            "hyperv_external_adapter": "",
            "hyperv_use_external_switch": false,
            "hyperv_virtual_switch": "",
            "id": "complete-devops-project",
            "image_mirror_country": null,
            "image_repository": "",
            "insecure_registry": [],
            "install_addons": true,
            "interactive": true,
            "iso_url": [
              "https://github.com/kubernetes/minikube/releases/download/v1.37.0/minikube-v1.37.0-amd64.iso"
            ],
            "keep_context": false,
            "kubernetes_version": null,
            "kvm_gpu": false,
            "kvm_hidden": false,
            "kvm_network": "default",
            "kvm_numa_count": 1,
            "kvm_qemu_uri": "qemu:///system",
            "listen_address": "",
            "memory": "4096mb",
            "mount": false,
            "mount_9p_version": "9p2000.L",
            "mount_gid": "docker",
            "mount_ip": null,
            "mount_msize": 262144,
            "mount_options": null,
            "mount_port": 0,
            "mount_string": "/Users:/minikube-host",
            "mount_type": "9p",
            "mount_uid": "docker",
            "namespace": "default",
            "nat_nic_type": "virtio",
            "native_ssh": true,
            "network": "",
            "nfs_share": [],
            "nfs_shares_root": "/nfsshares",
            "no_kubernetes": false,
            "no_vtx_check": false,
            "nodes": 1,
            "output": "text",
            "ports": [],
            "preload": true,
            "qemu_firmware_path": null,
            "registry_mirror": [],
            "service_cluster_ip_range": "10.96.0.0/12",
            "socket_vmnet_client_path": "/usr/local/opt/socket_vmnet/bin/socket_vmnet_client",
            "socket_vmnet_path": "/usr/local/var/run/socket_vmnet",
            "ssh_ip_address": "",
            "ssh_key": "",
            "ssh_port": 22,
            "ssh_user": "root",
            "static_ip": null,
            "subnet": null,
            "trace": null,
            "uuid": "",
            "vm": false,
            "wait": null,
            "wait_timeout": 6
          },
          "sensitive_attributes": [
            [
              {
                "type": "get_attr",
                "value": "client_certificate"
              }
            ],
            [
              {
                "type": "get_attr",
                "value": "client_key"
              }
            ],
            [
              {
                "type": "get_attr",
                "value": "cluster_ca_certificate"
              }
            ]
          ],
          "identity_schema_version": 0,
          "private": "bnVsbA=="
        }
      ]
    }
  ],
  "check_results": null
}
